// !$*UTF8*$!
{
	archiveVersion = 1;
	classes = {
	};
	objectVersion = 46;
	objects = {

/* Begin PBXBuildFile section */
		002F39FA09D0881F00EBEB88 /* SDL.framework in Frameworks */ = {isa = PBXBuildFile; fileRef = 002F39F909D0881F00EBEB88 /* SDL.framework */; };
		002F3A0009D0884600EBEB88 /* SDL.framework in Copy Frameworks into .app bundle */ = {isa = PBXBuildFile; fileRef = 002F39F909D0881F00EBEB88 /* SDL.framework */; };
		002F3A2E09D0888800EBEB88 /* SDLMain.m in Sources */ = {isa = PBXBuildFile; fileRef = 002F3A2C09D0888800EBEB88 /* SDLMain.m */; };
		002F3A3F09D088BA00EBEB88 /* main.cpp in Sources */ = {isa = PBXBuildFile; fileRef = 002F3A3E09D088BA00EBEB88 /* main.cpp */; };
		470A773A13A4A1B9007316E8 /* Astroid.cpp in Sources */ = {isa = PBXBuildFile; fileRef = 470A773913A4A1B9007316E8 /* Astroid.cpp */; };
		470A774813A4B216007316E8 /* astroidsSheetLA.png in Resources */ = {isa = PBXBuildFile; fileRef = 470A774513A4B216007316E8 /* astroidsSheetLA.png */; };
		470A774913A4B216007316E8 /* astroidsSheetMA.png in Resources */ = {isa = PBXBuildFile; fileRef = 470A774613A4B216007316E8 /* astroidsSheetMA.png */; };
		470A774A13A4B216007316E8 /* astroidsSheetSA.png in Resources */ = {isa = PBXBuildFile; fileRef = 470A774713A4B216007316E8 /* astroidsSheetSA.png */; };
		470A775013A4B681007316E8 /* astroidDeathLA.png in Resources */ = {isa = PBXBuildFile; fileRef = 470A774D13A4B681007316E8 /* astroidDeathLA.png */; };
		470A775113A4B681007316E8 /* astroidDeathMA.png in Resources */ = {isa = PBXBuildFile; fileRef = 470A774E13A4B681007316E8 /* astroidDeathMA.png */; };
		470A775213A4B681007316E8 /* astroidDeathSA.png in Resources */ = {isa = PBXBuildFile; fileRef = 470A774F13A4B681007316E8 /* astroidDeathSA.png */; };
		470A7AC013A5CECF007316E8 /* Level.cpp in Sources */ = {isa = PBXBuildFile; fileRef = 470A7ABF13A5CECF007316E8 /* Level.cpp */; };
		47238821139C637E003AFC38 /* Sprite.cpp in Sources */ = {isa = PBXBuildFile; fileRef = 47238820139C637E003AFC38 /* Sprite.cpp */; };
		47238948139C95B1003AFC38 /* Utilities.cpp in Sources */ = {isa = PBXBuildFile; fileRef = 47238947139C95B1003AFC38 /* Utilities.cpp */; };
		47238B39139CC546003AFC38 /* astroidLA01.png in Resources */ = {isa = PBXBuildFile; fileRef = 47238B30139CC546003AFC38 /* astroidLA01.png */; };
		47238B3A139CC546003AFC38 /* astroidLA02.png in Resources */ = {isa = PBXBuildFile; fileRef = 47238B31139CC546003AFC38 /* astroidLA02.png */; };
		47238B3B139CC546003AFC38 /* astroidLA03.png in Resources */ = {isa = PBXBuildFile; fileRef = 47238B32139CC546003AFC38 /* astroidLA03.png */; };
		47238B3F139CC546003AFC38 /* astroidSA01.png in Resources */ = {isa = PBXBuildFile; fileRef = 47238B36139CC546003AFC38 /* astroidSA01.png */; };
		47238B40139CC546003AFC38 /* astroidSA02.png in Resources */ = {isa = PBXBuildFile; fileRef = 47238B37139CC546003AFC38 /* astroidSA02.png */; };
		47238B41139CC546003AFC38 /* astroidSA03.png in Resources */ = {isa = PBXBuildFile; fileRef = 47238B38139CC546003AFC38 /* astroidSA03.png */; };
		47238B69139CC71E003AFC38 /* astroidMA01.png in Resources */ = {isa = PBXBuildFile; fileRef = 47238B66139CC71E003AFC38 /* astroidMA01.png */; };
		47238B6A139CC71E003AFC38 /* astroidMA02.png in Resources */ = {isa = PBXBuildFile; fileRef = 47238B67139CC71E003AFC38 /* astroidMA02.png */; };
		47238B6B139CC71E003AFC38 /* astroidMA03.png in Resources */ = {isa = PBXBuildFile; fileRef = 47238B68139CC71E003AFC38 /* astroidMA03.png */; };
		47238B79139CC7D0003AFC38 /* shipLife.png in Resources */ = {isa = PBXBuildFile; fileRef = 47238B77139CC7D0003AFC38 /* shipLife.png */; };
		47238B7A139CC7D0003AFC38 /* shipBooster.png in Resources */ = {isa = PBXBuildFile; fileRef = 47238B78139CC7D0003AFC38 /* shipBooster.png */; };
		474643DA13939C950061E921 /* SDL_image.framework in Frameworks */ = {isa = PBXBuildFile; fileRef = 474643D913939C950061E921 /* SDL_image.framework */; };
		474643DC13939CA20061E921 /* SDL_ttf.framework in Frameworks */ = {isa = PBXBuildFile; fileRef = 474643DB13939CA20061E921 /* SDL_ttf.framework */; };
		4746440813939DA00061E921 /* background.png in Resources */ = {isa = PBXBuildFile; fileRef = 4746440613939DA00061E921 /* background.png */; };
		4746440913939DA00061E921 /* Arial.ttf in Resources */ = {isa = PBXBuildFile; fileRef = 4746440713939DA00061E921 /* Arial.ttf */; };
		4746444513939E5B0061E921 /* Timer.cpp in Sources */ = {isa = PBXBuildFile; fileRef = 4746444413939E5B0061E921 /* Timer.cpp */; };
		4746445C13939F810061E921 /* Inits.c in Sources */ = {isa = PBXBuildFile; fileRef = 4746445B13939F810061E921 /* Inits.c */; };
		474645831393ADD10061E921 /* Loader.c in Sources */ = {isa = PBXBuildFile; fileRef = 474645821393ADD10061E921 /* Loader.c */; };
		479531A11395A8E1009B4826 /* backgroundBlack.png in Resources */ = {isa = PBXBuildFile; fileRef = 479531A01395A8E1009B4826 /* backgroundBlack.png */; };
		47A23115139F77A300A7720B /* shipSheet.png in Resources */ = {isa = PBXBuildFile; fileRef = 47A23113139F77A300A7720B /* shipSheet.png */; };
		47A23116139F77A300A7720B /* shipSheetBooster.png in Resources */ = {isa = PBXBuildFile; fileRef = 47A23114139F77A300A7720B /* shipSheetBooster.png */; };
		47A23373139FA08200A7720B /* shipSheetA.png in Resources */ = {isa = PBXBuildFile; fileRef = 47A23371139FA08200A7720B /* shipSheetA.png */; };
		47A23374139FA08200A7720B /* shipSheetBoosterA.png in Resources */ = {isa = PBXBuildFile; fileRef = 47A23372139FA08200A7720B /* shipSheetBoosterA.png */; };
		47D3E1DC139E0F1200A993D7 /* Ship.cpp in Sources */ = {isa = PBXBuildFile; fileRef = 47D3E1DB139E0F1200A993D7 /* Ship.cpp */; };
		47D3E347139E221700A993D7 /* shipDeadth.png in Resources */ = {isa = PBXBuildFile; fileRef = 47D3E346139E221700A993D7 /* shipDeadth.png */; };
		47DE41A213A5F62A0050ACB5 /* bullet.png in Resources */ = {isa = PBXBuildFile; fileRef = 47DE41A113A5F62A0050ACB5 /* bullet.png */; };
		47DE444F13A626D20050ACB5 /* Bullet.cpp in Sources */ = {isa = PBXBuildFile; fileRef = 47DE444E13A626D20050ACB5 /* Bullet.cpp */; };
		8D11072B0486CEB800E47090 /* InfoPlist.strings in Resources */ = {isa = PBXBuildFile; fileRef = 089C165CFE840E0CC02AAC07 /* InfoPlist.strings */; };
		8D11072F0486CEB800E47090 /* Cocoa.framework in Frameworks */ = {isa = PBXBuildFile; fileRef = 1058C7A1FEA54F0111CA2CBB /* Cocoa.framework */; };
/* End PBXBuildFile section */

/* Begin PBXCopyFilesBuildPhase section */
		002F39FD09D0883400EBEB88 /* Copy Frameworks into .app bundle */ = {
			isa = PBXCopyFilesBuildPhase;
			buildActionMask = 2147483647;
			dstPath = "";
			dstSubfolderSpec = 10;
			files = (
				002F3A0009D0884600EBEB88 /* SDL.framework in Copy Frameworks into .app bundle */,
			);
			name = "Copy Frameworks into .app bundle";
			runOnlyForDeploymentPostprocessing = 0;
		};
/* End PBXCopyFilesBuildPhase section */

/* Begin PBXFileReference section */
		002F39F909D0881F00EBEB88 /* SDL.framework */ = {isa = PBXFileReference; lastKnownFileType = wrapper.framework; name = SDL.framework; path = /Library/Frameworks/SDL.framework; sourceTree = "<absolute>"; };
		002F3A2B09D0888800EBEB88 /* SDLMain.h */ = {isa = PBXFileReference; fileEncoding = 30; lastKnownFileType = sourcecode.c.h; path = SDLMain.h; sourceTree = "<group>"; };
		002F3A2C09D0888800EBEB88 /* SDLMain.m */ = {isa = PBXFileReference; fileEncoding = 30; lastKnownFileType = sourcecode.c.objc; path = SDLMain.m; sourceTree = "<group>"; };
		002F3A3E09D088BA00EBEB88 /* main.cpp */ = {isa = PBXFileReference; fileEncoding = 30; lastKnownFileType = sourcecode.cpp.cpp; path = main.cpp; sourceTree = "<group>"; };
		089C165DFE840E0CC02AAC07 /* English */ = {isa = PBXFileReference; fileEncoding = 10; lastKnownFileType = text.plist.strings; name = English; path = English.lproj/InfoPlist.strings; sourceTree = "<group>"; };
		1058C7A1FEA54F0111CA2CBB /* Cocoa.framework */ = {isa = PBXFileReference; lastKnownFileType = wrapper.framework; name = Cocoa.framework; path = /System/Library/Frameworks/Cocoa.framework; sourceTree = "<absolute>"; };
		29B97324FDCFA39411CA2CEA /* AppKit.framework */ = {isa = PBXFileReference; lastKnownFileType = wrapper.framework; name = AppKit.framework; path = /System/Library/Frameworks/AppKit.framework; sourceTree = "<absolute>"; };
		29B97325FDCFA39411CA2CEA /* Foundation.framework */ = {isa = PBXFileReference; lastKnownFileType = wrapper.framework; name = Foundation.framework; path = /System/Library/Frameworks/Foundation.framework; sourceTree = "<absolute>"; };
		32CA4F630368D1EE00C91783 /* Astroids_Prefix.pch */ = {isa = PBXFileReference; fileEncoding = 4; lastKnownFileType = sourcecode.c.h; path = Astroids_Prefix.pch; sourceTree = "<group>"; };
		470A773813A4A1B9007316E8 /* Astroid.h */ = {isa = PBXFileReference; fileEncoding = 4; lastKnownFileType = sourcecode.c.h; path = Astroid.h; sourceTree = "<group>"; };
		470A773913A4A1B9007316E8 /* Astroid.cpp */ = {isa = PBXFileReference; fileEncoding = 4; lastKnownFileType = sourcecode.cpp.cpp; path = Astroid.cpp; sourceTree = "<group>"; };
		470A774513A4B216007316E8 /* astroidsSheetLA.png */ = {isa = PBXFileReference; lastKnownFileType = image.png; path = astroidsSheetLA.png; sourceTree = "<group>"; };
		470A774613A4B216007316E8 /* astroidsSheetMA.png */ = {isa = PBXFileReference; lastKnownFileType = image.png; path = astroidsSheetMA.png; sourceTree = "<group>"; };
		470A774713A4B216007316E8 /* astroidsSheetSA.png */ = {isa = PBXFileReference; lastKnownFileType = image.png; path = astroidsSheetSA.png; sourceTree = "<group>"; };
		470A774D13A4B681007316E8 /* astroidDeathLA.png */ = {isa = PBXFileReference; lastKnownFileType = image.png; path = astroidDeathLA.png; sourceTree = "<group>"; };
		470A774E13A4B681007316E8 /* astroidDeathMA.png */ = {isa = PBXFileReference; lastKnownFileType = image.png; path = astroidDeathMA.png; sourceTree = "<group>"; };
		470A774F13A4B681007316E8 /* astroidDeathSA.png */ = {isa = PBXFileReference; lastKnownFileType = image.png; path = astroidDeathSA.png; sourceTree = "<group>"; };
		470A7ABE13A5CECF007316E8 /* Level.h */ = {isa = PBXFileReference; fileEncoding = 4; lastKnownFileType = sourcecode.c.h; path = Level.h; sourceTree = "<group>"; };
		470A7ABF13A5CECF007316E8 /* Level.cpp */ = {isa = PBXFileReference; fileEncoding = 4; lastKnownFileType = sourcecode.cpp.cpp; path = Level.cpp; sourceTree = "<group>"; };
		4723881F139C637E003AFC38 /* Sprite.h */ = {isa = PBXFileReference; fileEncoding = 4; lastKnownFileType = sourcecode.c.h; path = Sprite.h; sourceTree = "<group>"; };
		47238820139C637E003AFC38 /* Sprite.cpp */ = {isa = PBXFileReference; fileEncoding = 4; lastKnownFileType = sourcecode.cpp.cpp; path = Sprite.cpp; sourceTree = "<group>"; };
		47238946139C95B1003AFC38 /* Utilities.h */ = {isa = PBXFileReference; fileEncoding = 4; lastKnownFileType = sourcecode.c.h; path = Utilities.h; sourceTree = "<group>"; };
		47238947139C95B1003AFC38 /* Utilities.cpp */ = {isa = PBXFileReference; fileEncoding = 4; lastKnownFileType = sourcecode.cpp.cpp; path = Utilities.cpp; sourceTree = "<group>"; };
		47238B30139CC546003AFC38 /* astroidLA01.png */ = {isa = PBXFileReference; lastKnownFileType = image.png; path = astroidLA01.png; sourceTree = "<group>"; };
		47238B31139CC546003AFC38 /* astroidLA02.png */ = {isa = PBXFileReference; lastKnownFileType = image.png; path = astroidLA02.png; sourceTree = "<group>"; };
		47238B32139CC546003AFC38 /* astroidLA03.png */ = {isa = PBXFileReference; lastKnownFileType = image.png; path = astroidLA03.png; sourceTree = "<group>"; };
		47238B36139CC546003AFC38 /* astroidSA01.png */ = {isa = PBXFileReference; lastKnownFileType = image.png; path = astroidSA01.png; sourceTree = "<group>"; };
		47238B37139CC546003AFC38 /* astroidSA02.png */ = {isa = PBXFileReference; lastKnownFileType = image.png; path = astroidSA02.png; sourceTree = "<group>"; };
		47238B38139CC546003AFC38 /* astroidSA03.png */ = {isa = PBXFileReference; lastKnownFileType = image.png; path = astroidSA03.png; sourceTree = "<group>"; };
		47238B66139CC71E003AFC38 /* astroidMA01.png */ = {isa = PBXFileReference; lastKnownFileType = image.png; path = astroidMA01.png; sourceTree = "<group>"; };
		47238B67139CC71E003AFC38 /* astroidMA02.png */ = {isa = PBXFileReference; lastKnownFileType = image.png; path = astroidMA02.png; sourceTree = "<group>"; };
		47238B68139CC71E003AFC38 /* astroidMA03.png */ = {isa = PBXFileReference; lastKnownFileType = image.png; path = astroidMA03.png; sourceTree = "<group>"; };
		47238B77139CC7D0003AFC38 /* shipLife.png */ = {isa = PBXFileReference; lastKnownFileType = image.png; path = shipLife.png; sourceTree = "<group>"; };
		47238B78139CC7D0003AFC38 /* shipBooster.png */ = {isa = PBXFileReference; lastKnownFileType = image.png; path = shipBooster.png; sourceTree = "<group>"; };
		474643D913939C950061E921 /* SDL_image.framework */ = {isa = PBXFileReference; lastKnownFileType = wrapper.framework; name = SDL_image.framework; path = /Library/Frameworks/SDL_image.framework; sourceTree = "<absolute>"; };
		474643DB13939CA20061E921 /* SDL_ttf.framework */ = {isa = PBXFileReference; lastKnownFileType = wrapper.framework; name = SDL_ttf.framework; path = /Library/Frameworks/SDL_ttf.framework; sourceTree = "<absolute>"; };
		4746440613939DA00061E921 /* background.png */ = {isa = PBXFileReference; lastKnownFileType = image.png; path = background.png; sourceTree = "<group>"; };
		4746440713939DA00061E921 /* Arial.ttf */ = {isa = PBXFileReference; lastKnownFileType = file; path = Arial.ttf; sourceTree = "<group>"; };
		4746444313939E5B0061E921 /* Timer.h */ = {isa = PBXFileReference; fileEncoding = 4; lastKnownFileType = sourcecode.c.h; path = Timer.h; sourceTree = "<group>"; };
		4746444413939E5B0061E921 /* Timer.cpp */ = {isa = PBXFileReference; fileEncoding = 4; lastKnownFileType = sourcecode.cpp.cpp; path = Timer.cpp; sourceTree = "<group>"; };
		4746445A13939F810061E921 /* Inits.h */ = {isa = PBXFileReference; fileEncoding = 4; lastKnownFileType = sourcecode.c.h; path = Inits.h; sourceTree = "<group>"; };
		4746445B13939F810061E921 /* Inits.c */ = {isa = PBXFileReference; fileEncoding = 4; lastKnownFileType = sourcecode.c.c; path = Inits.c; sourceTree = "<group>"; };
		474645811393ADD10061E921 /* Loader.h */ = {isa = PBXFileReference; fileEncoding = 4; lastKnownFileType = sourcecode.c.h; path = Loader.h; sourceTree = "<group>"; };
		474645821393ADD10061E921 /* Loader.c */ = {isa = PBXFileReference; fileEncoding = 4; lastKnownFileType = sourcecode.c.c; path = Loader.c; sourceTree = "<group>"; };
		479531A01395A8E1009B4826 /* backgroundBlack.png */ = {isa = PBXFileReference; lastKnownFileType = image.png; path = backgroundBlack.png; sourceTree = "<group>"; };
		47A23113139F77A300A7720B /* shipSheet.png */ = {isa = PBXFileReference; lastKnownFileType = image.png; path = shipSheet.png; sourceTree = "<group>"; };
		47A23114139F77A300A7720B /* shipSheetBooster.png */ = {isa = PBXFileReference; lastKnownFileType = image.png; path = shipSheetBooster.png; sourceTree = "<group>"; };
		47A23371139FA08200A7720B /* shipSheetA.png */ = {isa = PBXFileReference; lastKnownFileType = image.png; path = shipSheetA.png; sourceTree = "<group>"; };
		47A23372139FA08200A7720B /* shipSheetBoosterA.png */ = {isa = PBXFileReference; lastKnownFileType = image.png; path = shipSheetBoosterA.png; sourceTree = "<group>"; };
		47D3E1DA139E0F1200A993D7 /* Ship.h */ = {isa = PBXFileReference; fileEncoding = 4; lastKnownFileType = sourcecode.c.h; path = Ship.h; sourceTree = "<group>"; };
		47D3E1DB139E0F1200A993D7 /* Ship.cpp */ = {isa = PBXFileReference; fileEncoding = 4; lastKnownFileType = sourcecode.cpp.cpp; path = Ship.cpp; sourceTree = "<group>"; };
		47D3E346139E221700A993D7 /* shipDeadth.png */ = {isa = PBXFileReference; lastKnownFileType = image.png; path = shipDeadth.png; sourceTree = "<group>"; };
		47DE41A113A5F62A0050ACB5 /* bullet.png */ = {isa = PBXFileReference; lastKnownFileType = image.png; path = bullet.png; sourceTree = "<group>"; };
		47DE444D13A626D20050ACB5 /* Bullet.h */ = {isa = PBXFileReference; fileEncoding = 4; lastKnownFileType = sourcecode.c.h; path = Bullet.h; sourceTree = "<group>"; };
		47DE444E13A626D20050ACB5 /* Bullet.cpp */ = {isa = PBXFileReference; fileEncoding = 4; lastKnownFileType = sourcecode.cpp.cpp; path = Bullet.cpp; sourceTree = "<group>"; };
		8D1107310486CEB800E47090 /* Info.plist */ = {isa = PBXFileReference; fileEncoding = 4; lastKnownFileType = text.plist; path = Info.plist; sourceTree = "<group>"; };
		8D1107320486CEB800E47090 /* Astroids.app */ = {isa = PBXFileReference; explicitFileType = wrapper.application; includeInIndex = 0; path = Astroids.app; sourceTree = BUILT_PRODUCTS_DIR; };
/* End PBXFileReference section */

/* Begin PBXFrameworksBuildPhase section */
		8D11072E0486CEB800E47090 /* Frameworks */ = {
			isa = PBXFrameworksBuildPhase;
			buildActionMask = 2147483647;
			files = (
				002F39FA09D0881F00EBEB88 /* SDL.framework in Frameworks */,
				8D11072F0486CEB800E47090 /* Cocoa.framework in Frameworks */,
				474643DA13939C950061E921 /* SDL_image.framework in Frameworks */,
				474643DC13939CA20061E921 /* SDL_ttf.framework in Frameworks */,
			);
			runOnlyForDeploymentPostprocessing = 0;
		};
/* End PBXFrameworksBuildPhase section */

/* Begin PBXGroup section */
		080E96DDFE201D6D7F000001 /* Classes */ = {
			isa = PBXGroup;
			children = (
				47D3E349139E22B200A993D7 /* Helpers */,
				4746444313939E5B0061E921 /* Timer.h */,
				4746444413939E5B0061E921 /* Timer.cpp */,
				4723881F139C637E003AFC38 /* Sprite.h */,
				47238820139C637E003AFC38 /* Sprite.cpp */,
				47D3E1DA139E0F1200A993D7 /* Ship.h */,
				47D3E1DB139E0F1200A993D7 /* Ship.cpp */,
				470A773813A4A1B9007316E8 /* Astroid.h */,
				470A773913A4A1B9007316E8 /* Astroid.cpp */,
				470A7ABE13A5CECF007316E8 /* Level.h */,
				470A7ABF13A5CECF007316E8 /* Level.cpp */,
				47DE444D13A626D20050ACB5 /* Bullet.h */,
				47DE444E13A626D20050ACB5 /* Bullet.cpp */,
			);
			name = Classes;
			sourceTree = "<group>";
		};
		1058C7A0FEA54F0111CA2CBB /* Linked Frameworks */ = {
			isa = PBXGroup;
			children = (
				002F39F909D0881F00EBEB88 /* SDL.framework */,
				1058C7A1FEA54F0111CA2CBB /* Cocoa.framework */,
				474643D913939C950061E921 /* SDL_image.framework */,
				474643DB13939CA20061E921 /* SDL_ttf.framework */,
			);
			name = "Linked Frameworks";
			sourceTree = "<group>";
		};
		1058C7A2FEA54F0111CA2CBB /* Other Frameworks */ = {
			isa = PBXGroup;
			children = (
				29B97324FDCFA39411CA2CEA /* AppKit.framework */,
				29B97325FDCFA39411CA2CEA /* Foundation.framework */,
			);
			name = "Other Frameworks";
			sourceTree = "<group>";
		};
		19C28FACFE9D520D11CA2CBB /* Products */ = {
			isa = PBXGroup;
			children = (
				8D1107320486CEB800E47090 /* Astroids.app */,
			);
			name = Products;
			sourceTree = "<group>";
		};
		29B97314FDCFA39411CA2CEA /* Astroids */ = {
			isa = PBXGroup;
			children = (
				080E96DDFE201D6D7F000001 /* Classes */,
				29B97315FDCFA39411CA2CEA /* Other Sources */,
				29B97317FDCFA39411CA2CEA /* Resources */,
				29B97323FDCFA39411CA2CEA /* Frameworks */,
				19C28FACFE9D520D11CA2CBB /* Products */,
			);
			name = Astroids;
			sourceTree = "<group>";
		};
		29B97315FDCFA39411CA2CEA /* Other Sources */ = {
			isa = PBXGroup;
			children = (
				32CA4F630368D1EE00C91783 /* Astroids_Prefix.pch */,
				002F3A3E09D088BA00EBEB88 /* main.cpp */,
			);
			name = "Other Sources";
			sourceTree = "<group>";
		};
		29B97317FDCFA39411CA2CEA /* Resources */ = {
			isa = PBXGroup;
			children = (
				47DE41A113A5F62A0050ACB5 /* bullet.png */,
				47A23371139FA08200A7720B /* shipSheetA.png */,
				47A23372139FA08200A7720B /* shipSheetBoosterA.png */,
				47A23113139F77A300A7720B /* shipSheet.png */,
				47A23114139F77A300A7720B /* shipSheetBooster.png */,
				47238B77139CC7D0003AFC38 /* shipLife.png */,
				47238B78139CC7D0003AFC38 /* shipBooster.png */,
				47D3E346139E221700A993D7 /* shipDeadth.png */,
				47238B30139CC546003AFC38 /* astroidLA01.png */,
				47238B31139CC546003AFC38 /* astroidLA02.png */,
				47238B32139CC546003AFC38 /* astroidLA03.png */,
				47238B66139CC71E003AFC38 /* astroidMA01.png */,
				47238B67139CC71E003AFC38 /* astroidMA02.png */,
				47238B68139CC71E003AFC38 /* astroidMA03.png */,
				47238B36139CC546003AFC38 /* astroidSA01.png */,
				47238B37139CC546003AFC38 /* astroidSA02.png */,
				47238B38139CC546003AFC38 /* astroidSA03.png */,
				470A774513A4B216007316E8 /* astroidsSheetLA.png */,
				470A774613A4B216007316E8 /* astroidsSheetMA.png */,
				470A774713A4B216007316E8 /* astroidsSheetSA.png */,
				470A774D13A4B681007316E8 /* astroidDeathLA.png */,
				470A774E13A4B681007316E8 /* astroidDeathMA.png */,
				470A774F13A4B681007316E8 /* astroidDeathSA.png */,
				479531A01395A8E1009B4826 /* backgroundBlack.png */,
				4746440613939DA00061E921 /* background.png */,
				4746440713939DA00061E921 /* Arial.ttf */,
				8D1107310486CEB800E47090 /* Info.plist */,
				089C165CFE840E0CC02AAC07 /* InfoPlist.strings */,
			);
			name = Resources;
			sourceTree = "<group>";
		};
		29B97323FDCFA39411CA2CEA /* Frameworks */ = {
			isa = PBXGroup;
			children = (
				1058C7A0FEA54F0111CA2CBB /* Linked Frameworks */,
				1058C7A2FEA54F0111CA2CBB /* Other Frameworks */,
			);
			name = Frameworks;
			sourceTree = "<group>";
		};
		47D3E349139E22B200A993D7 /* Helpers */ = {
			isa = PBXGroup;
			children = (
				002F3A2B09D0888800EBEB88 /* SDLMain.h */,
				002F3A2C09D0888800EBEB88 /* SDLMain.m */,
				4746445A13939F810061E921 /* Inits.h */,
				4746445B13939F810061E921 /* Inits.c */,
				47238946139C95B1003AFC38 /* Utilities.h */,
				47238947139C95B1003AFC38 /* Utilities.cpp */,
				474645811393ADD10061E921 /* Loader.h */,
				474645821393ADD10061E921 /* Loader.c */,
			);
			name = Helpers;
			sourceTree = "<group>";
		};
/* End PBXGroup section */

/* Begin PBXNativeTarget section */
		8D1107260486CEB800E47090 /* Astroids */ = {
			isa = PBXNativeTarget;
			buildConfigurationList = C01FCF4A08A954540054247B /* Build configuration list for PBXNativeTarget "Astroids" */;
			buildPhases = (
				8D1107290486CEB800E47090 /* Resources */,
				8D11072C0486CEB800E47090 /* Sources */,
				8D11072E0486CEB800E47090 /* Frameworks */,
				002F39FD09D0883400EBEB88 /* Copy Frameworks into .app bundle */,
			);
			buildRules = (
			);
			dependencies = (
			);
			name = Astroids;
			productInstallPath = "$(HOME)/Applications";
			productName = Astroids;
			productReference = 8D1107320486CEB800E47090 /* Astroids.app */;
			productType = "com.apple.product-type.application";
		};
/* End PBXNativeTarget section */

/* Begin PBXProject section */
		29B97313FDCFA39411CA2CEA /* Project object */ = {
			isa = PBXProject;
			buildConfigurationList = C01FCF4E08A954540054247B /* Build configuration list for PBXProject "Astroids" */;
			compatibilityVersion = "Xcode 3.2";
			developmentRegion = English;
			hasScannedForEncodings = 1;
			knownRegions = (
				English,
				Japanese,
				French,
				German,
			);
			mainGroup = 29B97314FDCFA39411CA2CEA /* Astroids */;
			projectDirPath = "";
			projectRoot = "";
			targets = (
				8D1107260486CEB800E47090 /* Astroids */,
			);
		};
/* End PBXProject section */

/* Begin PBXResourcesBuildPhase section */
		8D1107290486CEB800E47090 /* Resources */ = {
			isa = PBXResourcesBuildPhase;
			buildActionMask = 2147483647;
			files = (
				8D11072B0486CEB800E47090 /* InfoPlist.strings in Resources */,
				4746440813939DA00061E921 /* background.png in Resources */,
				4746440913939DA00061E921 /* Arial.ttf in Resources */,
				479531A11395A8E1009B4826 /* backgroundBlack.png in Resources */,
				47238B39139CC546003AFC38 /* astroidLA01.png in Resources */,
				47238B3A139CC546003AFC38 /* astroidLA02.png in Resources */,
				47238B3B139CC546003AFC38 /* astroidLA03.png in Resources */,
				47238B3F139CC546003AFC38 /* astroidSA01.png in Resources */,
				47238B40139CC546003AFC38 /* astroidSA02.png in Resources */,
				47238B41139CC546003AFC38 /* astroidSA03.png in Resources */,
				47238B69139CC71E003AFC38 /* astroidMA01.png in Resources */,
				47238B6A139CC71E003AFC38 /* astroidMA02.png in Resources */,
				47238B6B139CC71E003AFC38 /* astroidMA03.png in Resources */,
				47238B79139CC7D0003AFC38 /* shipLife.png in Resources */,
				47238B7A139CC7D0003AFC38 /* shipBooster.png in Resources */,
				47D3E347139E221700A993D7 /* shipDeadth.png in Resources */,
				47A23115139F77A300A7720B /* shipSheet.png in Resources */,
				47A23116139F77A300A7720B /* shipSheetBooster.png in Resources */,
				47A23373139FA08200A7720B /* shipSheetA.png in Resources */,
				47A23374139FA08200A7720B /* shipSheetBoosterA.png in Resources */,
				470A774813A4B216007316E8 /* astroidsSheetLA.png in Resources */,
				470A774913A4B216007316E8 /* astroidsSheetMA.png in Resources */,
				470A774A13A4B216007316E8 /* astroidsSheetSA.png in Resources */,
				470A775013A4B681007316E8 /* astroidDeathLA.png in Resources */,
				470A775113A4B681007316E8 /* astroidDeathMA.png in Resources */,
				470A775213A4B681007316E8 /* astroidDeathSA.png in Resources */,
				47DE41A213A5F62A0050ACB5 /* bullet.png in Resources */,
			);
			runOnlyForDeploymentPostprocessing = 0;
		};
/* End PBXResourcesBuildPhase section */

/* Begin PBXSourcesBuildPhase section */
		8D11072C0486CEB800E47090 /* Sources */ = {
			isa = PBXSourcesBuildPhase;
			buildActionMask = 2147483647;
			files = (
				002F3A2E09D0888800EBEB88 /* SDLMain.m in Sources */,
				002F3A3F09D088BA00EBEB88 /* main.cpp in Sources */,
				4746444513939E5B0061E921 /* Timer.cpp in Sources */,
				4746445C13939F810061E921 /* Inits.c in Sources */,
				474645831393ADD10061E921 /* Loader.c in Sources */,
				47238821139C637E003AFC38 /* Sprite.cpp in Sources */,
				47238948139C95B1003AFC38 /* Utilities.cpp in Sources */,
				47D3E1DC139E0F1200A993D7 /* Ship.cpp in Sources */,
				470A773A13A4A1B9007316E8 /* Astroid.cpp in Sources */,
				470A7AC013A5CECF007316E8 /* Level.cpp in Sources */,
				47DE444F13A626D20050ACB5 /* Bullet.cpp in Sources */,
			);
			runOnlyForDeploymentPostprocessing = 0;
		};
/* End PBXSourcesBuildPhase section */

/* Begin PBXVariantGroup section */
		089C165CFE840E0CC02AAC07 /* InfoPlist.strings */ = {
			isa = PBXVariantGroup;
			children = (
				089C165DFE840E0CC02AAC07 /* English */,
			);
			name = InfoPlist.strings;
			sourceTree = "<group>";
		};
/* End PBXVariantGroup section */

/* Begin XCBuildConfiguration section */
		C01FCF4B08A954540054247B /* Debug */ = {
			isa = XCBuildConfiguration;
			buildSettings = {
				COPY_PHASE_STRIP = NO;
				FRAMEWORK_SEARCH_PATHS = (
					/Library/Frameworks/,
					"$(inherited)",
					"\"$(SRCROOT)/../../../../Downloads/SDL_gfx/build/Release\"",
				);
				GCC_DYNAMIC_NO_PIC = NO;
				GCC_ENABLE_FIX_AND_CONTINUE = YES;
				GCC_MODEL_TUNING = G5;
				GCC_OPTIMIZATION_LEVEL = 0;
				GCC_PRECOMPILE_PREFIX_HEADER = YES;
				GCC_PREFIX_HEADER = Astroids_Prefix.pch;
				HEADER_SEARCH_PATHS = (
					/Library/Frameworks/,
					"$(HOME)/Library/Frameworks/SDL.framework/Headers",
					/Library/Frameworks/SDL.framework/Headers,
					"$(HEADER_SEARCH_PATHS)",
				);
				INFOPLIST_FILE = Info.plist;
				INSTALL_PATH = "$(HOME)/Applications";
				PRODUCT_NAME = Astroids;
				SDKROOT = macosx10.6;
				WRAPPER_EXTENSION = app;
			};
			name = Debug;
		};
		C01FCF4C08A954540054247B /* Release */ = {
			isa = XCBuildConfiguration;
			buildSettings = {
				FRAMEWORK_SEARCH_PATHS = (
					"$(inherited)",
					"\"$(SRCROOT)/../../../../Downloads/SDL_gfx/build/Release\"",
				);
				GCC_GENERATE_DEBUGGING_SYMBOLS = NO;
				GCC_MODEL_TUNING = G5;
				GCC_PRECOMPILE_PREFIX_HEADER = YES;
				GCC_PREFIX_HEADER = Astroids_Prefix.pch;
				INFOPLIST_FILE = Info.plist;
				INSTALL_PATH = "$(HOME)/Applications";
				PRODUCT_NAME = Astroids;
				WRAPPER_EXTENSION = app;
			};
			name = Release;
		};
		C01FCF4F08A954540054247B /* Debug */ = {
			isa = XCBuildConfiguration;
			buildSettings = {
				ARCHS = "$(ARCHS_STANDARD_32_64_BIT)";
				FRAMEWORK_SEARCH_PATHS = (
					"$(HOME)/Library/Frameworks",
					/Library/Frameworks,
					"$(FRAMEWORK_SEARCH_PATHS)",
				);
				GCC_VERSION = 4.0;
				"GCC_VERSION[arch=x86_64]" = 4.2;
				GCC_WARN_ABOUT_RETURN_TYPE = YES;
				GCC_WARN_UNUSED_VARIABLE = YES;
				HEADER_SEARCH_PATHS = (
					"$(HOME)/Library/Frameworks/SDL.framework/Headers",
					/Library/Frameworks/SDL.framework/Headers,
					"$(HEADER_SEARCH_PATHS)",
				);
				PREBINDING = NO;
				SDKROOT = macosx10.6;
				"SDKROOT[arch=x86_64]" = macosx10.6;
			};
			name = Debug;
		};
		C01FCF5008A954540054247B /* Release */ = {
			isa = XCBuildConfiguration;
			buildSettings = {
				ARCHS = "$(ARCHS_STANDARD_32_64_BIT)";
				FRAMEWORK_SEARCH_PATHS = (
					"$(HOME)/Library/Frameworks",
					/Library/Frameworks,
					"$(FRAMEWORK_SEARCH_PATHS)",
				);
				GCC_VERSION = 4.0;
				"GCC_VERSION[arch=x86_64]" = 4.2;
				GCC_WARN_ABOUT_RETURN_TYPE = YES;
				GCC_WARN_UNUSED_VARIABLE = YES;
				HEADER_SEARCH_PATHS = (
					"$(HOME)/Library/Frameworks/SDL.framework/Headers",
					/Library/Frameworks/SDL.framework/Headers,
					"$(HEADER_SEARCH_PATHS)",
				);
				PREBINDING = NO;
				SDKROOT = macosx10.4;
				"SDKROOT[arch=x86_64]" = macosx10.6;
			};
			name = Release;
		};
/* End XCBuildConfiguration section */

/* Begin XCConfigurationList section */
		C01FCF4A08A954540054247B /* Build configuration list for PBXNativeTarget "Astroids" */ = {
			isa = XCConfigurationList;
			buildConfigurations = (
				C01FCF4B08A954540054247B /* Debug */,
				C01FCF4C08A954540054247B /* Release */,
			);
			defaultConfigurationIsVisible = 0;
			defaultConfigurationName = Release;
		};
		C01FCF4E08A954540054247B /* Build configuration list for PBXProject "Astroids" */ = {
			isa = XCConfigurationList;
			buildConfigurations = (
				C01FCF4F08A954540054247B /* Debug */,
				C01FCF5008A954540054247B /* Release */,
			);
			defaultConfigurationIsVisible = 0;
			defaultConfigurationName = Release;
		};
/* End XCConfigurationList section */
	};
	rootObject = 29B97313FDCFA39411CA2CEA /* Project object */;
}
